
Microsoft Visual Studio Solution File, Format Version 12.00
# Visual Studio Version 17
VisualStudioVersion = 17.0.32014.148
MinimumVisualStudioVersion = 10.0.40219.1
Project("{FAE04EC0-301F-11D3-BF4B-00C04F79EFBC}") = "TRACSLocal", "TRACSLocal\TRACSLocal.csproj", "{9FEB0BD7-B6BA-471E-8A11-1D0C2561226B}"
EndProject
Global
	GlobalSection(SolutionConfigurationPlatforms) = preSolution
		Debug|Any CPU = Debug|Any CPU
		Release|Any CPU = Release|Any CPU
	EndGlobalSection
	GlobalSection(ProjectConfigurationPlatforms) = postSolution
		{9FEB0BD7-B6BA-471E-8A11-1D0C2561226B}.Debug|Any CPU.ActiveCfg = Debug|Any CPU
		{9FEB0BD7-B6BA-471E-8A11-1D0C2561226B}.Debug|Any CPU.Build.0 = Debug|Any CPU
		{9FEB0BD7-B6BA-471E-8A11-1D0C2561226B}.Release|Any CPU.ActiveCfg = Release|Any CPU
		{9FEB0BD7-B6BA-471E-8A11-1D0C2561226B}.Release|Any CPU.Build.0 = Release|Any CPU
	EndGlobalSection
	GlobalSection(SolutionProperties) = preSolution
		HideSolutionNode = FALSE
	EndGlobalSection
	GlobalSection(ExtensibilityGlobals) = postSolution
		SolutionGuid = {B52A4DF1-2F14-4219-819A-A6C31B61F48E}
	EndGlobalSection
EndGlobal
